// !$*UTF8*$!
{
	archiveVersion = 1;
	classes = {
	};
	objectVersion = 54;
	objects = {

/* Begin PBXAggregateTarget section */
		33CC111A2044C6BA0003C045 /* Flutter Assemble */ = {
			isa = PBXAggregateTarget;
			buildConfigurationList = 33CC111B2044C6BA0003C045 /* Build configuration list for PBXAggregateTarget "Flutter Assemble" */;
			buildPhases = (
				33CC111E2044C6BF0003C045 /* ShellScript */,
			);
			dependencies = (
			);
			name = "Flutter Assemble";
			productName = FLX;
		};
/* End PBXAggregateTarget section */

/* Begin PBXBuildFile section */
		0288B21E0264ABBA9D57F2B6 /* Pods_RunnerTests.framework in Frameworks */ = {isa = PBXBuildFile; fileRef = 15EE061B9AA6CB60B1FDB336 /* Pods_RunnerTests.framework */; };
		1D4C91BCDE35E8EAB46A6D91 /* Pods_Runner.framework in Frameworks */ = {isa = PBXBuildFile; fileRef = B0A22E618521C0FEE92C9364 /* Pods_Runner.framework */; };
		1F6BA82E2EB46A6100E1E423 /* libsoundtouch_ffi.dylib in Copy SoundTouch dylib */ = {isa = PBXBuildFile; fileRef = 1F6BA82D2EB46A6100E1E423 /* libsoundtouch_ffi.dylib */; settings = {ATTRIBUTES = (CodeSignOnCopy, ); }; };
		1F6BA8342EB46AF700E1E423 /* libsoundtouch.dylib in Copy SoundTouch dylib */ = {isa = PBXBuildFile; fileRef = 1F6BA8332EB46AF700E1E423 /* libsoundtouch.dylib */; settings = {ATTRIBUTES = (CodeSignOnCopy, ); }; };
		1F6BA8622EB47DC600E1E423 /* libsoundtouch_ffi.dylib in Frameworks */ = {isa = PBXBuildFile; fileRef = 1F6BA8612EB47DC600E1E423 /* libsoundtouch_ffi.dylib */; };
		1F6BA8632EB47DE400E1E423 /* libsoundtouch.dylib in Frameworks */ = {isa = PBXBuildFile; fileRef = 1F6BA8312EB46AD900E1E423 /* libsoundtouch.dylib */; };
		1FE79CFB2EB1A09C0091674E /* soundtouch_ffi_bridge.cpp in Sources */ = {isa = PBXBuildFile; fileRef = 1FE79CFA2EB1A09C0091674E /* soundtouch_ffi_bridge.cpp */; };
		331C80D8294CF71000263BE5 /* RunnerTests.swift in Sources */ = {isa = PBXBuildFile; fileRef = 331C80D7294CF71000263BE5 /* RunnerTests.swift */; };
		335BBD1B22A9A15E00E9071D /* GeneratedPluginRegistrant.swift in Sources */ = {isa = PBXBuildFile; fileRef = 335BBD1A22A9A15E00E9071D /* GeneratedPluginRegistrant.swift */; };
		33CC10F12044A3C60003C045 /* AppDelegate.swift in Sources */ = {isa = PBXBuildFile; fileRef = 33CC10F02044A3C60003C045 /* AppDelegate.swift */; };
		33CC10F32044A3C60003C045 /* Assets.xcassets in Resources */ = {isa = PBXBuildFile; fileRef = 33CC10F22044A3C60003C045 /* Assets.xcassets */; };
		33CC10F62044A3C60003C045 /* MainMenu.xib in Resources */ = {isa = PBXBuildFile; fileRef = 33CC10F42044A3C60003C045 /* MainMenu.xib */; };
		33CC11132044BFA00003C045 /* MainFlutterWindow.swift in Sources */ = {isa = PBXBuildFile; fileRef = 33CC11122044BFA00003C045 /* MainFlutterWindow.swift */; };
/* End PBXBuildFile section */

/* Begin PBXContainerItemProxy section */
		1FE79CFD2EB1A3F60091674E /* PBXContainerItemProxy */ = {
			isa = PBXContainerItemProxy;
			containerPortal = 33CC10E52044A3C60003C045 /* Project object */;
			proxyType = 1;
			remoteGlobalIDString = 1FE79CEF2EB1A0110091674E;
			remoteInfo = libsoundtouch_ffi;
		};
		331C80D9294CF71000263BE5 /* PBXContainerItemProxy */ = {
			isa = PBXContainerItemProxy;
			containerPortal = 33CC10E52044A3C60003C045 /* Project object */;
			proxyType = 1;
			remoteGlobalIDString = 33CC10EC2044A3C60003C045;
			remoteInfo = Runner;
		};
		33CC111F2044C79F0003C045 /* PBXContainerItemProxy */ = {
			isa = PBXContainerItemProxy;
			containerPortal = 33CC10E52044A3C60003C045 /* Project object */;
			proxyType = 1;
			remoteGlobalIDString = 33CC111A2044C6BA0003C045;
			remoteInfo = FLX;
		};
/* End PBXContainerItemProxy section */

/* Begin PBXCopyFilesBuildPhase section */
		1FE79CE62EB12CE50091674E /* Copy SoundTouch dylib */ = {
			isa = PBXCopyFilesBuildPhase;
			buildActionMask = 2147483647;
			dstPath = "";
			dstSubfolderSpec = 10;
			files = (
				1F6BA8342EB46AF700E1E423 /* libsoundtouch.dylib in Copy SoundTouch dylib */,
				1F6BA82E2EB46A6100E1E423 /* libsoundtouch_ffi.dylib in Copy SoundTouch dylib */,
			);
			name = "Copy SoundTouch dylib";
			runOnlyForDeploymentPostprocessing = 0;
		};
		33CC110E2044A8840003C045 /* Bundle Framework */ = {
			isa = PBXCopyFilesBuildPhase;
			buildActionMask = 2147483647;
			dstPath = "";
			dstSubfolderSpec = 10;
			files = (
			);
			name = "Bundle Framework";
			runOnlyForDeploymentPostprocessing = 0;
		};
/* End PBXCopyFilesBuildPhase section */

/* Begin PBXFileReference section */
		15EE061B9AA6CB60B1FDB336 /* Pods_RunnerTests.framework */ = {isa = PBXFileReference; explicitFileType = wrapper.framework; includeInIndex = 0; path = Pods_RunnerTests.framework; sourceTree = BUILT_PRODUCTS_DIR; };
		1F6BA82D2EB46A6100E1E423 /* libsoundtouch_ffi.dylib */ = {isa = PBXFileReference; lastKnownFileType = "compiled.mach-o.dylib"; name = libsoundtouch_ffi.dylib; path = Frameworks/libsoundtouch_ffi.dylib; sourceTree = "<group>"; };
		1F6BA8302EB46AC900E1E423 /* libsoundtouch_ffi.dylib */ = {isa = PBXFileReference; lastKnownFileType = "compiled.mach-o.dylib"; name = libsoundtouch_ffi.dylib; path = Frameworks/libsoundtouch_ffi.dylib; sourceTree = "<group>"; };
		1F6BA8312EB46AD900E1E423 /* libsoundtouch.dylib */ = {isa = PBXFileReference; lastKnownFileType = "compiled.mach-o.dylib"; name = libsoundtouch.dylib; path = Frameworks/libsoundtouch.dylib; sourceTree = "<group>"; };
		1F6BA8332EB46AF700E1E423 /* libsoundtouch.dylib */ = {isa = PBXFileReference; lastKnownFileType = "compiled.mach-o.dylib"; name = libsoundtouch.dylib; path = ThirdParty/soundtouch/libsoundtouch.dylib; sourceTree = "<group>"; };
		1F6BA8612EB47DC600E1E423 /* libsoundtouch_ffi.dylib */ = {isa = PBXFileReference; lastKnownFileType = "compiled.mach-o.dylib"; name = libsoundtouch_ffi.dylib; path = Runner/Frameworks/libsoundtouch_ffi.dylib; sourceTree = "<group>"; };
		1FE79CE72EB1813B0091674E /* libsoundtouch.dylib */ = {isa = PBXFileReference; lastKnownFileType = "compiled.mach-o.dylib"; name = libsoundtouch.dylib; path = ThirdParty/SoundTouch/libsoundtouch.dylib; sourceTree = SOURCE_ROOT; };
		1FE79CF02EB1A0110091674E /* liblibsoundtouch_ffi.dylib */ = {isa = PBXFileReference; explicitFileType = "compiled.mach-o.dylib"; includeInIndex = 0; path = liblibsoundtouch_ffi.dylib; sourceTree = BUILT_PRODUCTS_DIR; };
		1FE79CFA2EB1A09C0091674E /* soundtouch_ffi_bridge.cpp */ = {isa = PBXFileReference; lastKnownFileType = sourcecode.cpp.cpp; name = soundtouch_ffi_bridge.cpp; path = Frameworks/soundtouch_ffi_bridge.cpp; sourceTree = SOURCE_ROOT; };
		331C80D5294CF71000263BE5 /* RunnerTests.xctest */ = {isa = PBXFileReference; explicitFileType = wrapper.cfbundle; includeInIndex = 0; path = RunnerTests.xctest; sourceTree = BUILT_PRODUCTS_DIR; };
		331C80D7294CF71000263BE5 /* RunnerTests.swift */ = {isa = PBXFileReference; lastKnownFileType = sourcecode.swift; path = RunnerTests.swift; sourceTree = SOURCE_ROOT; };
		333000ED22D3DE5D00554162 /* Warnings.xcconfig */ = {isa = PBXFileReference; lastKnownFileType = text.xcconfig; path = Warnings.xcconfig; sourceTree = SOURCE_ROOT; };
		335BBD1A22A9A15E00E9071D /* GeneratedPluginRegistrant.swift */ = {isa = PBXFileReference; fileEncoding = 4; lastKnownFileType = sourcecode.swift; path = GeneratedPluginRegistrant.swift; sourceTree = SOURCE_ROOT; };
		33CC10ED2044A3C60003C045 /* guitartree.app */ = {isa = PBXFileReference; explicitFileType = wrapper.application; includeInIndex = 0; path = guitartree.app; sourceTree = BUILT_PRODUCTS_DIR; };
		33CC10F02044A3C60003C045 /* AppDelegate.swift */ = {isa = PBXFileReference; lastKnownFileType = sourcecode.swift; path = AppDelegate.swift; sourceTree = SOURCE_ROOT; };
		33CC10F22044A3C60003C045 /* Assets.xcassets */ = {isa = PBXFileReference; lastKnownFileType = folder.assetcatalog; name = Assets.xcassets; path = Runner/Assets.xcassets; sourceTree = SOURCE_ROOT; };
		33CC10F52044A3C60003C045 /* Base */ = {isa = PBXFileReference; lastKnownFileType = file.xib; name = Base; path = Base.lproj/MainMenu.xib; sourceTree = SOURCE_ROOT; };
		33CC10F72044A3C60003C045 /* Info.plist */ = {isa = PBXFileReference; lastKnownFileType = text.plist.xml; name = Info.plist; path = Runner/Info.plist; sourceTree = SOURCE_ROOT; };
		33CC11122044BFA00003C045 /* MainFlutterWindow.swift */ = {isa = PBXFileReference; lastKnownFileType = sourcecode.swift; path = MainFlutterWindow.swift; sourceTree = SOURCE_ROOT; };
		33CEB47222A05771004F2AC0 /* Flutter-Debug.xcconfig */ = {isa = PBXFileReference; lastKnownFileType = text.xcconfig; path = "Flutter-Debug.xcconfig"; sourceTree = SOURCE_ROOT; };
		33CEB47422A05771004F2AC0 /* Flutter-Release.xcconfig */ = {isa = PBXFileReference; lastKnownFileType = text.xcconfig; path = "Flutter-Release.xcconfig"; sourceTree = SOURCE_ROOT; };
		33CEB47722A0578A004F2AC0 /* Flutter-Generated.xcconfig */ = {isa = PBXFileReference; lastKnownFileType = text.xcconfig; name = "Flutter-Generated.xcconfig"; path = "Flutter/ephemeral/Flutter-Generated.xcconfig"; sourceTree = SOURCE_ROOT; };
		33E51913231747F40026EE4D /* DebugProfile.entitlements */ = {isa = PBXFileReference; lastKnownFileType = text.plist.entitlements; path = DebugProfile.entitlements; sourceTree = SOURCE_ROOT; };
		33E51914231749380026EE4D /* Release.entitlements */ = {isa = PBXFileReference; fileEncoding = 4; lastKnownFileType = text.plist.entitlements; path = Release.entitlements; sourceTree = SOURCE_ROOT; };
		33E5194F232828860026EE4D /* AppInfo.xcconfig */ = {isa = PBXFileReference; lastKnownFileType = text.xcconfig; path = Runner/Configs/AppInfo.xcconfig; sourceTree = SOURCE_ROOT; };
		349DC9B049D0CE3B1F112CD4 /* Pods-RunnerTests.profile.xcconfig */ = {isa = PBXFileReference; includeInIndex = 1; lastKnownFileType = text.xcconfig; name = "Pods-RunnerTests.profile.xcconfig"; path = "Target Support Files/Pods-RunnerTests/Pods-RunnerTests.profile.xcconfig"; sourceTree = "<group>"; };
		4FB4DBF0DB88689A75901C96 /* Pods-RunnerTests.release.xcconfig */ = {isa = PBXFileReference; includeInIndex = 1; lastKnownFileType = text.xcconfig; name = "Pods-RunnerTests.release.xcconfig"; path = "Target Support Files/Pods-RunnerTests/Pods-RunnerTests.release.xcconfig"; sourceTree = "<group>"; };
		58198B67E24BCBB568E08EC8 /* Pods-Runner.profile.xcconfig */ = {isa = PBXFileReference; includeInIndex = 1; lastKnownFileType = text.xcconfig; name = "Pods-Runner.profile.xcconfig"; path = "Target Support Files/Pods-Runner/Pods-Runner.profile.xcconfig"; sourceTree = "<group>"; };
		66190742FA6050CD57D8A15B /* Pods-Runner.debug.xcconfig */ = {isa = PBXFileReference; includeInIndex = 1; lastKnownFileType = text.xcconfig; name = "Pods-Runner.debug.xcconfig"; path = "Target Support Files/Pods-Runner/Pods-Runner.debug.xcconfig"; sourceTree = "<group>"; };
		7AFA3C8E1D35360C0083082E /* Release.xcconfig */ = {isa = PBXFileReference; lastKnownFileType = text.xcconfig; path = Release.xcconfig; sourceTree = SOURCE_ROOT; };
		928F18868ED344E1E01A0560 /* Pods-RunnerTests.debug.xcconfig */ = {isa = PBXFileReference; includeInIndex = 1; lastKnownFileType = text.xcconfig; name = "Pods-RunnerTests.debug.xcconfig"; path = "Target Support Files/Pods-RunnerTests/Pods-RunnerTests.debug.xcconfig"; sourceTree = "<group>"; };
		9740EEB21CF90195004384FC /* Debug.xcconfig */ = {isa = PBXFileReference; fileEncoding = 4; lastKnownFileType = text.xcconfig; path = Debug.xcconfig; sourceTree = SOURCE_ROOT; };
		B0A22E618521C0FEE92C9364 /* Pods_Runner.framework */ = {isa = PBXFileReference; explicitFileType = wrapper.framework; includeInIndex = 0; path = Pods_Runner.framework; sourceTree = BUILT_PRODUCTS_DIR; };
		C077E532B9806E248E3B7B1C /* Pods-Runner.release.xcconfig */ = {isa = PBXFileReference; includeInIndex = 1; lastKnownFileType = text.xcconfig; name = "Pods-Runner.release.xcconfig"; path = "Target Support Files/Pods-Runner/Pods-Runner.release.xcconfig"; sourceTree = "<group>"; };
/* End PBXFileReference section */

/* Begin PBXFileSystemSynchronizedRootGroup section */
		1FE79CF12EB1A0110091674E /* libsoundtouch_ffi */ = {
			isa = PBXFileSystemSynchronizedRootGroup;
			exceptions = (
			);
			explicitFileTypes = {
			};
			explicitFolders = (
			);
			path = libsoundtouch_ffi;
			sourceTree = SOURCE_ROOT;
		};
/* End PBXFileSystemSynchronizedRootGroup section */

/* Begin PBXFrameworksBuildPhase section */
		1FE79CEE2EB1A0110091674E /* Frameworks */ = {
			isa = PBXFrameworksBuildPhase;
			buildActionMask = 2147483647;
			files = (
			);
			runOnlyForDeploymentPostprocessing = 0;
		};
		331C80D2294CF70F00263BE5 /* Frameworks */ = {
			isa = PBXFrameworksBuildPhase;
			buildActionMask = 2147483647;
			files = (
				0288B21E0264ABBA9D57F2B6 /* Pods_RunnerTests.framework in Frameworks */,
			);
			runOnlyForDeploymentPostprocessing = 0;
		};
		33CC10EA2044A3C60003C045 /* Frameworks */ = {
			isa = PBXFrameworksBuildPhase;
			buildActionMask = 2147483647;
			files = (
				1F6BA8632EB47DE400E1E423 /* libsoundtouch.dylib in Frameworks */,
				1F6BA8622EB47DC600E1E423 /* libsoundtouch_ffi.dylib in Frameworks */,
				1D4C91BCDE35E8EAB46A6D91 /* Pods_Runner.framework in Frameworks */,
			);
			runOnlyForDeploymentPostprocessing = 0;
		};
/* End PBXFrameworksBuildPhase section */

/* Begin PBXGroup section */
		331C80D6294CF71000263BE5 /* RunnerTests */ = {
			isa = PBXGroup;
			children = (
				331C80D7294CF71000263BE5 /* RunnerTests.swift */,
			);
			path = RunnerTests;
			sourceTree = SOURCE_ROOT;
		};
		33BA886A226E78AF003329D5 /* Configs */ = {
			isa = PBXGroup;
			children = (
				33E5194F232828860026EE4D /* AppInfo.xcconfig */,
				9740EEB21CF90195004384FC /* Debug.xcconfig */,
				7AFA3C8E1D35360C0083082E /* Release.xcconfig */,
				333000ED22D3DE5D00554162 /* Warnings.xcconfig */,
			);
			path = Configs;
			sourceTree = SOURCE_ROOT;
		};
		33CC10E42044A3C60003C045 = {
			isa = PBXGroup;
			children = (
				1F6BA8312EB46AD900E1E423 /* libsoundtouch.dylib */,
				1F6BA8332EB46AF700E1E423 /* libsoundtouch.dylib */,
				1F6BA82D2EB46A6100E1E423 /* libsoundtouch_ffi.dylib */,
				1F6BA8302EB46AC900E1E423 /* libsoundtouch_ffi.dylib */,
				1FE79CFA2EB1A09C0091674E /* soundtouch_ffi_bridge.cpp */,
				1FE79CE72EB1813B0091674E /* libsoundtouch.dylib */,
				33FAB671232836740065AC1E /* Runner */,
				33CEB47122A05771004F2AC0 /* Flutter */,
				331C80D6294CF71000263BE5 /* RunnerTests */,
				1FE79CF12EB1A0110091674E /* libsoundtouch_ffi */,
				33CC10EE2044A3C60003C045 /* Products */,
				6409B5020D8B897B1888B356 /* Pods */,
				3BF6354FA7B3EA02C7A8FD06 /* Frameworks */,
			);
			sourceTree = SOURCE_ROOT;
		};
		33CC10EE2044A3C60003C045 /* Products */ = {
			isa = PBXGroup;
			children = (
				33CC10ED2044A3C60003C045 /* guitartree.app */,
				331C80D5294CF71000263BE5 /* RunnerTests.xctest */,
				1FE79CF02EB1A0110091674E /* liblibsoundtouch_ffi.dylib */,
			);
			name = Products;
			sourceTree = SOURCE_ROOT;
		};
		33CC11242044D66E0003C045 /* Resources */ = {
			isa = PBXGroup;
			children = (
				33CC10F22044A3C60003C045 /* Assets.xcassets */,
				33CC10F42044A3C60003C045 /* MainMenu.xib */,
				33CC10F72044A3C60003C045 /* Info.plist */,
			);
			name = Resources;
			path = ..;
			sourceTree = SOURCE_ROOT;
		};
		33CEB47122A05771004F2AC0 /* Flutter */ = {
			isa = PBXGroup;
			children = (
				335BBD1A22A9A15E00E9071D /* GeneratedPluginRegistrant.swift */,
				33CEB47222A05771004F2AC0 /* Flutter-Debug.xcconfig */,
				33CEB47422A05771004F2AC0 /* Flutter-Release.xcconfig */,
				33CEB47722A0578A004F2AC0 /* Flutter-Generated.xcconfig */,
			);
			path = Flutter;
			sourceTree = SOURCE_ROOT;
		};
		33FAB671232836740065AC1E /* Runner */ = {
			isa = PBXGroup;
			children = (
				33CC10F02044A3C60003C045 /* AppDelegate.swift */,
				33CC11122044BFA00003C045 /* MainFlutterWindow.swift */,
				33E51913231747F40026EE4D /* DebugProfile.entitlements */,
				33E51914231749380026EE4D /* Release.entitlements */,
				33CC11242044D66E0003C045 /* Resources */,
				33BA886A226E78AF003329D5 /* Configs */,
			);
			path = Runner;
			sourceTree = SOURCE_ROOT;
		};
		3BF6354FA7B3EA02C7A8FD06 /* Frameworks */ = {
			isa = PBXGroup;
			children = (
				1F6BA8612EB47DC600E1E423 /* libsoundtouch_ffi.dylib */,
				B0A22E618521C0FEE92C9364 /* Pods_Runner.framework */,
				15EE061B9AA6CB60B1FDB336 /* Pods_RunnerTests.framework */,
			);
			name = Frameworks;
			sourceTree = "<group>";
		};
		6409B5020D8B897B1888B356 /* Pods */ = {
			isa = PBXGroup;
			children = (
				66190742FA6050CD57D8A15B /* Pods-Runner.debug.xcconfig */,
				C077E532B9806E248E3B7B1C /* Pods-Runner.release.xcconfig */,
				58198B67E24BCBB568E08EC8 /* Pods-Runner.profile.xcconfig */,
				928F18868ED344E1E01A0560 /* Pods-RunnerTests.debug.xcconfig */,
				4FB4DBF0DB88689A75901C96 /* Pods-RunnerTests.release.xcconfig */,
				349DC9B049D0CE3B1F112CD4 /* Pods-RunnerTests.profile.xcconfig */,
			);
			path = Pods;
			sourceTree = SOURCE_ROOT;
		};
/* End PBXGroup section */

/* Begin PBXHeadersBuildPhase section */
		1FE79CEC2EB1A0110091674E /* Headers */ = {
			isa = PBXHeadersBuildPhase;
			buildActionMask = 2147483647;
			files = (
			);
			runOnlyForDeploymentPostprocessing = 0;
		};
/* End PBXHeadersBuildPhase section */

/* Begin PBXNativeTarget section */
		1FE79CEF2EB1A0110091674E /* libsoundtouch_ffi */ = {
			isa = PBXNativeTarget;
			buildConfigurationList = 1FE79CF62EB1A0110091674E /* Build configuration list for PBXNativeTarget "libsoundtouch_ffi" */;
			buildPhases = (
				1FE79CEC2EB1A0110091674E /* Headers */,
				1FE79CED2EB1A0110091674E /* Sources */,
				1FE79CEE2EB1A0110091674E /* Frameworks */,
			);
			buildRules = (
			);
			dependencies = (
			);
			fileSystemSynchronizedGroups = (
				1FE79CF12EB1A0110091674E /* libsoundtouch_ffi */,
			);
			name = libsoundtouch_ffi;
			productName = libsoundtouch_ffi;
			productReference = 1FE79CF02EB1A0110091674E /* liblibsoundtouch_ffi.dylib */;
			productType = "com.apple.product-type.library.dynamic";
		};
		331C80D4294CF70F00263BE5 /* RunnerTests */ = {
			isa = PBXNativeTarget;
			buildConfigurationList = 331C80DE294CF71000263BE5 /* Build configuration list for PBXNativeTarget "RunnerTests" */;
			buildPhases = (
				B29D2E19AF55B349E5C1DDF0 /* [CP] Check Pods Manifest.lock */,
				331C80D1294CF70F00263BE5 /* Sources */,
				331C80D2294CF70F00263BE5 /* Frameworks */,
				331C80D3294CF70F00263BE5 /* Resources */,
			);
			buildRules = (
			);
			dependencies = (
				331C80DA294CF71000263BE5 /* PBXTargetDependency */,
			);
			name = RunnerTests;
			productName = RunnerTests;
			productReference = 331C80D5294CF71000263BE5 /* RunnerTests.xctest */;
			productType = "com.apple.product-type.bundle.unit-test";
		};
		33CC10EC2044A3C60003C045 /* Runner */ = {
			isa = PBXNativeTarget;
			buildConfigurationList = 33CC10FB2044A3C60003C045 /* Build configuration list for PBXNativeTarget "Runner" */;
			buildPhases = (
				72E2635240F212021973150A /* [CP] Check Pods Manifest.lock */,
				33CC10E92044A3C60003C045 /* Sources */,
				33CC10EA2044A3C60003C045 /* Frameworks */,
				33CC10EB2044A3C60003C045 /* Resources */,
				33CC110E2044A8840003C045 /* Bundle Framework */,
				1FE79CE62EB12CE50091674E /* Copy SoundTouch dylib */,
				1FE79CE92EB1821B0091674E /* Run Script (Fix @rpath & Deep Sign) */,
				6D2F6DC7775BF2EC8D2D77D4 /* [CP] Embed Pods Frameworks */,
			);
			buildRules = (
			);
			dependencies = (
				1FE79CFE2EB1A3F60091674E /* PBXTargetDependency */,
				33CC11202044C79F0003C045 /* PBXTargetDependency */,
			);
			name = Runner;
			productName = Runner;
			productReference = 33CC10ED2044A3C60003C045 /* guitartree.app */;
			productType = "com.apple.product-type.application";
		};
/* End PBXNativeTarget section */

/* Begin PBXProject section */
		33CC10E52044A3C60003C045 /* Project object */ = {
			isa = PBXProject;
			attributes = {
				BuildIndependentTargetsInParallel = YES;
				LastSwiftUpdateCheck = 0920;
				LastUpgradeCheck = 1510;
				ORGANIZATIONNAME = "";
				TargetAttributes = {
					1FE79CEF2EB1A0110091674E = {
						CreatedOnToolsVersion = 16.4;
					};
					331C80D4294CF70F00263BE5 = {
						CreatedOnToolsVersion = 14.0;
						TestTargetID = 33CC10EC2044A3C60003C045;
					};
					33CC10EC2044A3C60003C045 = {
						CreatedOnToolsVersion = 9.2;
						LastSwiftMigration = 1100;
						ProvisioningStyle = Automatic;
						SystemCapabilities = {
							com.apple.Sandbox = {
								enabled = 1;
							};
						};
					};
					33CC111A2044C6BA0003C045 = {
						CreatedOnToolsVersion = 9.2;
						ProvisioningStyle = Manual;
					};
				};
			};
			buildConfigurationList = 33CC10E82044A3C60003C045 /* Build configuration list for PBXProject "Runner" */;
			compatibilityVersion = "Xcode 9.3";
			developmentRegion = en;
			hasScannedForEncodings = 0;
			knownRegions = (
				en,
				Base,
			);
			mainGroup = 33CC10E42044A3C60003C045;
			productRefGroup = 33CC10EE2044A3C60003C045 /* Products */;
			projectDirPath = "";
			projectRoot = macos;
			targets = (
				33CC10EC2044A3C60003C045 /* Runner */,
				331C80D4294CF70F00263BE5 /* RunnerTests */,
				33CC111A2044C6BA0003C045 /* Flutter Assemble */,
				1FE79CEF2EB1A0110091674E /* libsoundtouch_ffi */,
			);
		};
/* End PBXProject section */

/* Begin PBXResourcesBuildPhase section */
		331C80D3294CF70F00263BE5 /* Resources */ = {
			isa = PBXResourcesBuildPhase;
			buildActionMask = 2147483647;
			files = (
			);
			runOnlyForDeploymentPostprocessing = 0;
		};
		33CC10EB2044A3C60003C045 /* Resources */ = {
			isa = PBXResourcesBuildPhase;
			buildActionMask = 2147483647;
			files = (
				33CC10F32044A3C60003C045 /* Assets.xcassets in Resources */,
				33CC10F62044A3C60003C045 /* MainMenu.xib in Resources */,
			);
			runOnlyForDeploymentPostprocessing = 0;
		};
/* End PBXResourcesBuildPhase section */

/* Begin PBXShellScriptBuildPhase section */
		1FE79CE92EB1821B0091674E /* Run Script (Fix @rpath & Deep Sign) */ = {
			isa = PBXShellScriptBuildPhase;
			buildActionMask = 2147483647;
			files = (
			);
			inputFileListPaths = (
			);
			inputPaths = (
			);
			name = "Run Script (Fix @rpath & Deep Sign)";
			outputFileListPaths = (
			);
			outputPaths = (
			);
			runOnlyForDeploymentPostprocessing = 0;
			shellPath = /bin/sh;
			shellScript = "set -e\n\nAPP=\"${TARGET_BUILD_DIR}/${WRAPPER_NAME}\"\nFWK=\"$APP/Contents/Frameworks\"\nSRC_ST=\"$PROJECT_DIR/macos/ThirdParty/soundtouch/libsoundtouch.dylib\"\nSRC_FFI=\"$PROJECT_DIR/macos/Frameworks/libsoundtouch_ffi.dylib\"\n\necho \"[RUNSCRIPT] Copying required dylibs...\"\necho \"  → SoundTouch:  $SRC_ST\"\necho \"  → FFI Bridge:  $SRC_FFI\"\n\nmkdir -p \"$FWK\"\n\n# 1️⃣ 사운드터치 원본 복사\nif [ -f \"$SRC_ST\" ]; then\n  cp -f \"$SRC_ST\" \"$FWK/\" || true\n  cp -f \"$SRC_ST\" \"$PROJECT_DIR/macos/Frameworks/\" || true\n  echo \"[COPY] libsoundtouch.dylib copied ✅\"\nelse\n  echo \"[WARN] libsoundtouch.dylib not found at $SRC_ST\"\nfi\n\n# 2️⃣ FFI 브릿지 복사\nif [ -f \"$SRC_FFI\" ]; then\n  cp -f \"$SRC_FFI\" \"$FWK/\" || true\n  echo \"[COPY] libsoundtouch_ffi.dylib copied ✅\"\nelse\n  echo \"[WARN] libsoundtouch_ffi.dylib not found at $SRC_FFI\"\nfi\n\n# 3️⃣ id 수정 + 참조 교정\nfor N in libsoundtouch.dylib libsoundtouch_ffi.dylib; do\n  [ -f \"$FWK/$N\" ] || continue\n  install_name_tool -id \"@rpath/$N\" \"$FWK/$N\" || true\n  install_name_tool -change \"$SRC_ST\" \"@rpath/libsoundtouch.dylib\" \"$FWK/$N\" || true\n  install_name_tool -change \"$SRC_FFI\" \"@rpath/libsoundtouch_ffi.dylib\" \"$FWK/$N\" || true\ndone\n\n# 4️⃣ 코드서명\n/usr/bin/codesign --force --deep --sign - \"$FWK/libsoundtouch.dylib\" || true\n/usr/bin/codesign --force --deep --sign - \"$FWK/libsoundtouch_ffi.dylib\" || true\n/usr/bin/codesign --force --options runtime --deep --sign - \"$APP\" || true\n\necho \"[SIGN] Ad-hoc codesign completed ✅\"\n";
		};
		33CC111E2044C6BF0003C045 /* ShellScript */ = {
			isa = PBXShellScriptBuildPhase;
			buildActionMask = 2147483647;
			files = (
			);
			inputFileListPaths = (
				Flutter/ephemeral/FlutterInputs.xcfilelist,
			);
			inputPaths = (
				Flutter/ephemeral/tripwire,
			);
			outputFileListPaths = (
				Flutter/ephemeral/FlutterOutputs.xcfilelist,
			);
			outputPaths = (
			);
			runOnlyForDeploymentPostprocessing = 0;
			shellPath = /bin/sh;
			shellScript = "\"$FLUTTER_ROOT\"/packages/flutter_tools/bin/macos_assemble.sh && touch Flutter/ephemeral/tripwire";
		};
		6D2F6DC7775BF2EC8D2D77D4 /* [CP] Embed Pods Frameworks */ = {
			isa = PBXShellScriptBuildPhase;
			buildActionMask = 2147483647;
			files = (
			);
			inputFileListPaths = (
				"${PODS_ROOT}/Target Support Files/Pods-Runner/Pods-Runner-frameworks-${CONFIGURATION}-input-files.xcfilelist",
			);
			name = "[CP] Embed Pods Frameworks";
			outputFileListPaths = (
				"${PODS_ROOT}/Target Support Files/Pods-Runner/Pods-Runner-frameworks-${CONFIGURATION}-output-files.xcfilelist",
			);
			runOnlyForDeploymentPostprocessing = 0;
			shellPath = /bin/sh;
			shellScript = "\"${PODS_ROOT}/Target Support Files/Pods-Runner/Pods-Runner-frameworks.sh\"\n";
			showEnvVarsInLog = 0;
		};
		72E2635240F212021973150A /* [CP] Check Pods Manifest.lock */ = {
			isa = PBXShellScriptBuildPhase;
			buildActionMask = 2147483647;
			files = (
			);
			inputFileListPaths = (
			);
			inputPaths = (
				"${PODS_PODFILE_DIR_PATH}/Podfile.lock",
				"${PODS_ROOT}/Manifest.lock",
			);
			name = "[CP] Check Pods Manifest.lock";
			outputFileListPaths = (
			);
			outputPaths = (
				"$(DERIVED_FILE_DIR)/Pods-Runner-checkManifestLockResult.txt",
			);
			runOnlyForDeploymentPostprocessing = 0;
			shellPath = /bin/sh;
			shellScript = "diff \"${PODS_PODFILE_DIR_PATH}/Podfile.lock\" \"${PODS_ROOT}/Manifest.lock\" > /dev/null\nif [ $? != 0 ] ; then\n    # print error to STDERR\n    echo \"error: The sandbox is not in sync with the Podfile.lock. Run 'pod install' or update your CocoaPods installation.\" >&2\n    exit 1\nfi\n# This output is used by Xcode 'outputs' to avoid re-running this script phase.\necho \"SUCCESS\" > \"${SCRIPT_OUTPUT_FILE_0}\"\n";
			showEnvVarsInLog = 0;
		};
		B29D2E19AF55B349E5C1DDF0 /* [CP] Check Pods Manifest.lock */ = {
			isa = PBXShellScriptBuildPhase;
			buildActionMask = 2147483647;
			files = (
			);
			inputFileListPaths = (
			);
			inputPaths = (
				"${PODS_PODFILE_DIR_PATH}/Podfile.lock",
				"${PODS_ROOT}/Manifest.lock",
			);
			name = "[CP] Check Pods Manifest.lock";
			outputFileListPaths = (
			);
			outputPaths = (
				"$(DERIVED_FILE_DIR)/Pods-RunnerTests-checkManifestLockResult.txt",
			);
			runOnlyForDeploymentPostprocessing = 0;
			shellPath = /bin/sh;
			shellScript = "diff \"${PODS_PODFILE_DIR_PATH}/Podfile.lock\" \"${PODS_ROOT}/Manifest.lock\" > /dev/null\nif [ $? != 0 ] ; then\n    # print error to STDERR\n    echo \"error: The sandbox is not in sync with the Podfile.lock. Run 'pod install' or update your CocoaPods installation.\" >&2\n    exit 1\nfi\n# This output is used by Xcode 'outputs' to avoid re-running this script phase.\necho \"SUCCESS\" > \"${SCRIPT_OUTPUT_FILE_0}\"\n";
			showEnvVarsInLog = 0;
		};
/* End PBXShellScriptBuildPhase section */

/* Begin PBXSourcesBuildPhase section */
		1FE79CED2EB1A0110091674E /* Sources */ = {
			isa = PBXSourcesBuildPhase;
			buildActionMask = 2147483647;
			files = (
				1FE79CFB2EB1A09C0091674E /* soundtouch_ffi_bridge.cpp in Sources */,
			);
			runOnlyForDeploymentPostprocessing = 0;
		};
		331C80D1294CF70F00263BE5 /* Sources */ = {
			isa = PBXSourcesBuildPhase;
			buildActionMask = 2147483647;
			files = (
				331C80D8294CF71000263BE5 /* RunnerTests.swift in Sources */,
			);
			runOnlyForDeploymentPostprocessing = 0;
		};
		33CC10E92044A3C60003C045 /* Sources */ = {
			isa = PBXSourcesBuildPhase;
			buildActionMask = 2147483647;
			files = (
				33CC11132044BFA00003C045 /* MainFlutterWindow.swift in Sources */,
				33CC10F12044A3C60003C045 /* AppDelegate.swift in Sources */,
				335BBD1B22A9A15E00E9071D /* GeneratedPluginRegistrant.swift in Sources */,
			);
			runOnlyForDeploymentPostprocessing = 0;
		};
/* End PBXSourcesBuildPhase section */

/* Begin PBXTargetDependency section */
		1FE79CFE2EB1A3F60091674E /* PBXTargetDependency */ = {
			isa = PBXTargetDependency;
			target = 1FE79CEF2EB1A0110091674E /* libsoundtouch_ffi */;
			targetProxy = 1FE79CFD2EB1A3F60091674E /* PBXContainerItemProxy */;
		};
		331C80DA294CF71000263BE5 /* PBXTargetDependency */ = {
			isa = PBXTargetDependency;
			target = 33CC10EC2044A3C60003C045 /* Runner */;
			targetProxy = 331C80D9294CF71000263BE5 /* PBXContainerItemProxy */;
		};
		33CC11202044C79F0003C045 /* PBXTargetDependency */ = {
			isa = PBXTargetDependency;
			target = 33CC111A2044C6BA0003C045 /* Flutter Assemble */;
			targetProxy = 33CC111F2044C79F0003C045 /* PBXContainerItemProxy */;
		};
/* End PBXTargetDependency section */

/* Begin PBXVariantGroup section */
		33CC10F42044A3C60003C045 /* MainMenu.xib */ = {
			isa = PBXVariantGroup;
			children = (
				33CC10F52044A3C60003C045 /* Base */,
			);
			name = MainMenu.xib;
			path = Runner;
			sourceTree = SOURCE_ROOT;
		};
/* End PBXVariantGroup section */

/* Begin XCBuildConfiguration section */
		1FE79CF72EB1A0110091674E /* Debug */ = {
			isa = XCBuildConfiguration;
			buildSettings = {
				CLANG_CXX_LANGUAGE_STANDARD = "gnu++20";
				CLANG_ENABLE_OBJC_WEAK = YES;
				CLANG_WARN_UNGUARDED_AVAILABILITY = YES_AGGRESSIVE;
				CODE_SIGN_STYLE = Automatic;
				DYLIB_COMPATIBILITY_VERSION = 1;
				DYLIB_CURRENT_VERSION = 1;
				ENABLE_TESTABILITY = NO;
				ENABLE_USER_SCRIPT_SANDBOXING = YES;
				EXECUTABLE_PREFIX = lib;
				EXPORTED_SYMBOLS_FILE = "$(PROJECT_DIR)/Frameworks/soundtouch_ffi.exports";
				GCC_C_LANGUAGE_STANDARD = gnu17;
				HEADER_SEARCH_PATHS = "$(PROJECT_DIR)/ThirdParty/soundtouch/include/**";
				LIBRARY_SEARCH_PATHS = (
					"$(inherited)",
					"$(PROJECT_DIR)/Frameworks",
				);
				LOCALIZATION_PREFERS_STRING_CATALOGS = YES;
				MACOSX_DEPLOYMENT_TARGET = 15.4;
				MTL_ENABLE_DEBUG_INFO = INCLUDE_SOURCE;
				MTL_FAST_MATH = YES;
				ONLY_ACTIVE_ARCH = NO;
				OTHER_CFLAGS = "-fvisibility=default";
				OTHER_LDFLAGS = (
					"-Wl,-exported_symbols_list,\"${PROJECT_DIR}/Frameworks/soundtouch_ffi.exports\"",
					"-L$(PROJECT_DIR)/Frameworks",
					"-lsoundtouch",
				);
				PRODUCT_NAME = "$(TARGET_NAME)";
				SKIP_INSTALL = YES;
				SYMROOT = "$(BUILD_DIR)/$(CONFIGURATION)";
				VALID_ARCHS = "arm64 x86_64";
			};
			name = Debug;
		};
		1FE79CF82EB1A0110091674E /* Release */ = {
			isa = XCBuildConfiguration;
			buildSettings = {
				CLANG_CXX_LANGUAGE_STANDARD = "gnu++20";
				CLANG_ENABLE_OBJC_WEAK = YES;
				CLANG_WARN_UNGUARDED_AVAILABILITY = YES_AGGRESSIVE;
				CODE_SIGN_STYLE = Automatic;
				DYLIB_COMPATIBILITY_VERSION = 1;
				DYLIB_CURRENT_VERSION = 1;
				ENABLE_TESTABILITY = NO;
				ENABLE_USER_SCRIPT_SANDBOXING = YES;
				EXECUTABLE_PREFIX = lib;
				EXPORTED_SYMBOLS_FILE = "$(PROJECT_DIR)/Frameworks/soundtouch_ffi.exports";
				GCC_C_LANGUAGE_STANDARD = gnu17;
				HEADER_SEARCH_PATHS = "$(PROJECT_DIR)/ThirdParty/soundtouch/include/**";
				LIBRARY_SEARCH_PATHS = (
					"$(inherited)",
					"$(PROJECT_DIR)/Frameworks",
				);
				LOCALIZATION_PREFERS_STRING_CATALOGS = YES;
				MACOSX_DEPLOYMENT_TARGET = 15.4;
				MTL_FAST_MATH = YES;
				ONLY_ACTIVE_ARCH = NO;
				OTHER_CFLAGS = "-fvisibility=default";
				OTHER_LDFLAGS = (
					"-Wl,-exported_symbols_list,\"${PROJECT_DIR}/Frameworks/soundtouch_ffi.exports\"",
					"-L$(PROJECT_DIR)/Frameworks",
					"-lsoundtouch",
				);
				PRODUCT_NAME = "$(TARGET_NAME)";
				SKIP_INSTALL = YES;
				SYMROOT = "$(BUILD_DIR)/$(CONFIGURATION)";
				VALID_ARCHS = "arm64 x86_64";
			};
			name = Release;
		};
		1FE79CF92EB1A0110091674E /* Profile */ = {
			isa = XCBuildConfiguration;
			buildSettings = {
				CLANG_CXX_LANGUAGE_STANDARD = "gnu++20";
				CLANG_ENABLE_OBJC_WEAK = YES;
				CLANG_WARN_UNGUARDED_AVAILABILITY = YES_AGGRESSIVE;
				CODE_SIGN_STYLE = Automatic;
				DYLIB_COMPATIBILITY_VERSION = 1;
				DYLIB_CURRENT_VERSION = 1;
				ENABLE_TESTABILITY = NO;
				ENABLE_USER_SCRIPT_SANDBOXING = YES;
				EXECUTABLE_PREFIX = lib;
				EXPORTED_SYMBOLS_FILE = "$(PROJECT_DIR)/Frameworks/soundtouch_ffi.exports";
				GCC_C_LANGUAGE_STANDARD = gnu17;
				HEADER_SEARCH_PATHS = "$(PROJECT_DIR)/ThirdParty/soundtouch/include/**";
				LIBRARY_SEARCH_PATHS = (
					"$(inherited)",
					"$(PROJECT_DIR)/Frameworks",
				);
				LOCALIZATION_PREFERS_STRING_CATALOGS = YES;
				MACOSX_DEPLOYMENT_TARGET = 15.4;
				MTL_FAST_MATH = YES;
				ONLY_ACTIVE_ARCH = NO;
				OTHER_CFLAGS = "-fvisibility=default";
				OTHER_LDFLAGS = (
					"-Wl,-exported_symbols_list,\"${PROJECT_DIR}/Frameworks/soundtouch_ffi.exports\"",
					"-L$(PROJECT_DIR)/Frameworks",
					"-lsoundtouch",
				);
				PRODUCT_NAME = "$(TARGET_NAME)";
				SKIP_INSTALL = YES;
				SYMROOT = "$(BUILD_DIR)/$(CONFIGURATION)";
				VALID_ARCHS = "arm64 x86_64";
			};
			name = Profile;
		};
		331C80DB294CF71000263BE5 /* Debug */ = {
			isa = XCBuildConfiguration;
			baseConfigurationReference = 928F18868ED344E1E01A0560 /* Pods-RunnerTests.debug.xcconfig */;
			buildSettings = {
				BUNDLE_LOADER = "$(TEST_HOST)";
				CURRENT_PROJECT_VERSION = 1;
				GENERATE_INFOPLIST_FILE = YES;
				MACOSX_DEPLOYMENT_TARGET = 11.0;
				MARKETING_VERSION = 1.0;
				PRODUCT_BUNDLE_IDENTIFIER = com.example.guitartree.RunnerTests;
				PRODUCT_NAME = "$(TARGET_NAME)";
				SWIFT_VERSION = 5.0;
				TEST_HOST = "$(BUILT_PRODUCTS_DIR)/guitartree.app/$(BUNDLE_EXECUTABLE_FOLDER_PATH)/guitartree";
			};
			name = Debug;
		};
		331C80DC294CF71000263BE5 /* Release */ = {
			isa = XCBuildConfiguration;
			baseConfigurationReference = 4FB4DBF0DB88689A75901C96 /* Pods-RunnerTests.release.xcconfig */;
			buildSettings = {
				BUNDLE_LOADER = "$(TEST_HOST)";
				CURRENT_PROJECT_VERSION = 1;
				GENERATE_INFOPLIST_FILE = YES;
				MACOSX_DEPLOYMENT_TARGET = 11.0;
				MARKETING_VERSION = 1.0;
				PRODUCT_BUNDLE_IDENTIFIER = com.example.guitartree.RunnerTests;
				PRODUCT_NAME = "$(TARGET_NAME)";
				SWIFT_VERSION = 5.0;
				TEST_HOST = "$(BUILT_PRODUCTS_DIR)/guitartree.app/$(BUNDLE_EXECUTABLE_FOLDER_PATH)/guitartree";
			};
			name = Release;
		};
		331C80DD294CF71000263BE5 /* Profile */ = {
			isa = XCBuildConfiguration;
			baseConfigurationReference = 349DC9B049D0CE3B1F112CD4 /* Pods-RunnerTests.profile.xcconfig */;
			buildSettings = {
				BUNDLE_LOADER = "$(TEST_HOST)";
				CURRENT_PROJECT_VERSION = 1;
				GENERATE_INFOPLIST_FILE = YES;
				MACOSX_DEPLOYMENT_TARGET = 11.0;
				MARKETING_VERSION = 1.0;
				PRODUCT_BUNDLE_IDENTIFIER = com.example.guitartree.RunnerTests;
				PRODUCT_NAME = "$(TARGET_NAME)";
				SWIFT_VERSION = 5.0;
				TEST_HOST = "$(BUILT_PRODUCTS_DIR)/guitartree.app/$(BUNDLE_EXECUTABLE_FOLDER_PATH)/guitartree";
			};
			name = Profile;
		};
		338D0CE9231458BD00FA5F75 /* Profile */ = {
			isa = XCBuildConfiguration;
			baseConfigurationReference = 33CEB47722A0578A004F2AC0 /* Flutter-Generated.xcconfig */;
			buildSettings = {
				ALWAYS_SEARCH_USER_PATHS = NO;
				ASSETCATALOG_COMPILER_GENERATE_SWIFT_ASSET_SYMBOL_EXTENSIONS = YES;
				CLANG_ANALYZER_NONNULL = YES;
				CLANG_ANALYZER_NUMBER_OBJECT_CONVERSION = YES_AGGRESSIVE;
				CLANG_CXX_LANGUAGE_STANDARD = "gnu++14";
				CLANG_CXX_LIBRARY = "libc++";
				CLANG_ENABLE_MODULES = YES;
				CLANG_ENABLE_OBJC_ARC = YES;
				CLANG_WARN_BLOCK_CAPTURE_AUTORELEASING = YES;
				CLANG_WARN_BOOL_CONVERSION = YES;
				CLANG_WARN_COMMA = YES;
				CLANG_WARN_CONSTANT_CONVERSION = YES;
				CLANG_WARN_DEPRECATED_OBJC_IMPLEMENTATIONS = YES;
				CLANG_WARN_DIRECT_OBJC_ISA_USAGE = YES_ERROR;
				CLANG_WARN_DOCUMENTATION_COMMENTS = YES;
				CLANG_WARN_EMPTY_BODY = YES;
				CLANG_WARN_ENUM_CONVERSION = YES;
				CLANG_WARN_INFINITE_RECURSION = YES;
				CLANG_WARN_INT_CONVERSION = YES;
				CLANG_WARN_NON_LITERAL_NULL_CONVERSION = YES;
				CLANG_WARN_OBJC_IMPLICIT_RETAIN_SELF = YES;
				CLANG_WARN_OBJC_LITERAL_CONVERSION = YES;
				CLANG_WARN_OBJC_ROOT_CLASS = YES_ERROR;
				CLANG_WARN_QUOTED_INCLUDE_IN_FRAMEWORK_HEADER = YES;
				CLANG_WARN_RANGE_LOOP_ANALYSIS = YES;
				CLANG_WARN_STRICT_PROTOTYPES = YES;
				CLANG_WARN_SUSPICIOUS_MOVE = YES;
				CLANG_WARN_UNREACHABLE_CODE = YES;
				CLANG_WARN__DUPLICATE_METHOD_MATCH = YES;
				CODE_SIGN_IDENTITY = "-";
				COPY_PHASE_STRIP = NO;
				DEAD_CODE_STRIPPING = YES;
				DEBUG_INFORMATION_FORMAT = "dwarf-with-dsym";
				ENABLE_NS_ASSERTIONS = NO;
				ENABLE_STRICT_OBJC_MSGSEND = YES;
				ENABLE_USER_SCRIPT_SANDBOXING = NO;
				GCC_C_LANGUAGE_STANDARD = gnu11;
				GCC_NO_COMMON_BLOCKS = YES;
				GCC_WARN_64_TO_32_BIT_CONVERSION = YES;
				GCC_WARN_ABOUT_RETURN_TYPE = YES_ERROR;
				GCC_WARN_UNDECLARED_SELECTOR = YES;
				GCC_WARN_UNINITIALIZED_AUTOS = YES_AGGRESSIVE;
				GCC_WARN_UNUSED_FUNCTION = YES;
				GCC_WARN_UNUSED_VARIABLE = YES;
				MACOSX_DEPLOYMENT_TARGET = 10.15;
				MTL_ENABLE_DEBUG_INFO = NO;
				SDKROOT = macosx;
				SWIFT_COMPILATION_MODE = wholemodule;
				SWIFT_OPTIMIZATION_LEVEL = "-O";
			};
			name = Profile;
		};
		338D0CEA231458BD00FA5F75 /* Profile */ = {
			isa = XCBuildConfiguration;
			baseConfigurationReference = 33E5194F232828860026EE4D /* AppInfo.xcconfig */;
			buildSettings = {
				ASSETCATALOG_COMPILER_APPICON_NAME = AppIcon;
				CLANG_ENABLE_MODULES = YES;
				CODE_SIGN_ENTITLEMENTS = Runner/DebugProfile.entitlements;
				CODE_SIGN_STYLE = Automatic;
				COMBINE_HIDPI_IMAGES = YES;
				EXPORTED_SYMBOLS_FILE = "";
				FRAMEWORK_SEARCH_PATHS = (
					"$(PROJECT_DIR)/macos/Frameworks",
					"$(inherited)",
				);
				HEADER_SEARCH_PATHS = (
					"$(inherited)",
					"\"${PODS_CONFIGURATION_BUILD_DIR}/app_links/app_links.framework/Headers\"",
					"\"${PODS_CONFIGURATION_BUILD_DIR}/audio_session/audio_session.framework/Headers\"",
					"\"${PODS_CONFIGURATION_BUILD_DIR}/desktop_drop/desktop_drop.framework/Headers\"",
					"\"${PODS_CONFIGURATION_BUILD_DIR}/file_picker/file_picker.framework/Headers\"",
					"\"${PODS_CONFIGURATION_BUILD_DIR}/just_audio/just_audio.framework/Headers\"",
					"\"${PODS_CONFIGURATION_BUILD_DIR}/just_waveform/just_waveform.framework/Headers\"",
					"\"${PODS_CONFIGURATION_BUILD_DIR}/media_kit_libs_macos_video/media_kit_libs_macos_video.framework/Headers\"",
					"\"${PODS_CONFIGURATION_BUILD_DIR}/media_kit_video/media_kit_video.framework/Headers\"",
					"\"${PODS_CONFIGURATION_BUILD_DIR}/package_info_plus/package_info_plus.framework/Headers\"",
					"\"${PODS_CONFIGURATION_BUILD_DIR}/path_provider_foundation/path_provider_foundation.framework/Headers\"",
					"\"${PODS_CONFIGURATION_BUILD_DIR}/screen_retriever/screen_retriever.framework/Headers\"",
					"\"${PODS_CONFIGURATION_BUILD_DIR}/shared_preferences_foundation/shared_preferences_foundation.framework/Headers\"",
					"\"${PODS_CONFIGURATION_BUILD_DIR}/url_launcher_macos/url_launcher_macos.framework/Headers\"",
					"\"${PODS_CONFIGURATION_BUILD_DIR}/video_player_avfoundation/video_player_avfoundation.framework/Headers\"",
					"\"${PODS_CONFIGURATION_BUILD_DIR}/volume_controller/volume_controller.framework/Headers\"",
					"\"${PODS_CONFIGURATION_BUILD_DIR}/wakelock_plus/wakelock_plus.framework/Headers\"",
					"\"${PODS_CONFIGURATION_BUILD_DIR}/window_manager/window_manager.framework/Headers\"",
				);
				INFOPLIST_FILE = Runner/Info.plist;
				LD_RUNPATH_SEARCH_PATHS = (
					"$(inherited)",
					"@executable_path/../Frameworks",
				);
				LIBRARY_SEARCH_PATHS = (
					"$(inherited)",
					"\"${TOOLCHAIN_DIR}/usr/lib/swift/${PLATFORM_NAME}\"",
					/usr/lib/swift,
					"$(TOOLCHAIN_DIR)/usr/lib/swift/$(PLATFORM_NAME)/",
					"$(SDKROOT)/usr/lib/swift",
					"$(PROJECT_DIR)/macos/Frameworks",
					"$(PROJECT_DIR)/Runner/Frameworks",
					"$(PROJECT_DIR)/Frameworks",
				);
				MACH_O_TYPE = mh_execute;
				MACOSX_DEPLOYMENT_TARGET = 11.5;
				OTHER_CFLAGS = "";
				OTHER_LDFLAGS = (
					"$(inherited)",
					"-framework",
					"\"Ass\"",
					"-framework",
					"\"Avcodec\"",
					"-framework",
					"\"Avfilter\"",
					"-framework",
					"\"Avformat\"",
					"-framework",
					"\"Avutil\"",
					"-framework",
					"\"Dav1d\"",
					"-framework",
					"\"Freetype\"",
					"-framework",
					"\"Fribidi\"",
					"-framework",
					"\"Harfbuzz\"",
					"-framework",
					"\"Mbedcrypto\"",
					"-framework",
					"\"Mbedtls\"",
					"-framework",
					"\"Mbedx509\"",
					"-framework",
					"\"Mpv\"",
					"-framework",
					"\"Png16\"",
					"-framework",
					"\"Swresample\"",
					"-framework",
					"\"Swscale\"",
					"-framework",
					"\"Uchardet\"",
					"-framework",
					"\"Xml2\"",
					"-framework",
					"\"app_links\"",
					"-framework",
					"\"audio_session\"",
					"-framework",
					"\"desktop_drop\"",
					"-framework",
					"\"file_picker\"",
					"-framework",
					"\"just_audio\"",
					"-framework",
					"\"just_waveform\"",
					"-framework",
					"\"media_kit_libs_macos_video\"",
					"-framework",
					"\"media_kit_video\"",
					"-framework",
					"\"package_info_plus\"",
					"-framework",
					"\"path_provider_foundation\"",
					"-framework",
					"\"screen_retriever\"",
					"-framework",
					"\"shared_preferences_foundation\"",
					"-framework",
					"\"url_launcher_macos\"",
					"-framework",
					"\"video_player_avfoundation\"",
					"-framework",
					"\"volume_controller\"",
					"-framework",
					"\"wakelock_plus\"",
					"-framework",
					"\"window_manager\"",
					"-L\"$(PROJECT_DIR)/macos/ThirdParty/soundtouch\"",
					"-lsoundtouch",
				);
				PROVISIONING_PROFILE_SPECIFIER = "";
				SWIFT_VERSION = 5.0;
			};
			name = Profile;
		};
		338D0CEB231458BD00FA5F75 /* Profile */ = {
			isa = XCBuildConfiguration;
			buildSettings = {
				CODE_SIGN_STYLE = Manual;
				MACOSX_DEPLOYMENT_TARGET = 11.0;
				PRODUCT_NAME = "$(TARGET_NAME)";
			};
			name = Profile;
		};
		33CC10F92044A3C60003C045 /* Debug */ = {
			isa = XCBuildConfiguration;
			baseConfigurationReference = 33CEB47722A0578A004F2AC0 /* Flutter-Generated.xcconfig */;
			buildSettings = {
				ALWAYS_SEARCH_USER_PATHS = NO;
				ASSETCATALOG_COMPILER_GENERATE_SWIFT_ASSET_SYMBOL_EXTENSIONS = YES;
				CLANG_ANALYZER_NONNULL = YES;
				CLANG_ANALYZER_NUMBER_OBJECT_CONVERSION = YES_AGGRESSIVE;
				CLANG_CXX_LANGUAGE_STANDARD = "gnu++14";
				CLANG_CXX_LIBRARY = "libc++";
				CLANG_ENABLE_MODULES = YES;
				CLANG_ENABLE_OBJC_ARC = YES;
				CLANG_WARN_BLOCK_CAPTURE_AUTORELEASING = YES;
				CLANG_WARN_BOOL_CONVERSION = YES;
				CLANG_WARN_COMMA = YES;
				CLANG_WARN_CONSTANT_CONVERSION = YES;
				CLANG_WARN_DEPRECATED_OBJC_IMPLEMENTATIONS = YES;
				CLANG_WARN_DIRECT_OBJC_ISA_USAGE = YES_ERROR;
				CLANG_WARN_DOCUMENTATION_COMMENTS = YES;
				CLANG_WARN_EMPTY_BODY = YES;
				CLANG_WARN_ENUM_CONVERSION = YES;
				CLANG_WARN_INFINITE_RECURSION = YES;
				CLANG_WARN_INT_CONVERSION = YES;
				CLANG_WARN_NON_LITERAL_NULL_CONVERSION = YES;
				CLANG_WARN_OBJC_IMPLICIT_RETAIN_SELF = YES;
				CLANG_WARN_OBJC_LITERAL_CONVERSION = YES;
				CLANG_WARN_OBJC_ROOT_CLASS = YES_ERROR;
				CLANG_WARN_QUOTED_INCLUDE_IN_FRAMEWORK_HEADER = YES;
				CLANG_WARN_RANGE_LOOP_ANALYSIS = YES;
				CLANG_WARN_STRICT_PROTOTYPES = YES;
				CLANG_WARN_SUSPICIOUS_MOVE = YES;
				CLANG_WARN_UNREACHABLE_CODE = YES;
				CLANG_WARN__DUPLICATE_METHOD_MATCH = YES;
				CODE_SIGN_IDENTITY = "-";
				COPY_PHASE_STRIP = NO;
				DEAD_CODE_STRIPPING = YES;
				DEBUG_INFORMATION_FORMAT = dwarf;
				ENABLE_STRICT_OBJC_MSGSEND = YES;
				ENABLE_TESTABILITY = YES;
				ENABLE_USER_SCRIPT_SANDBOXING = NO;
				GCC_C_LANGUAGE_STANDARD = gnu11;
				GCC_DYNAMIC_NO_PIC = NO;
				GCC_NO_COMMON_BLOCKS = YES;
				GCC_OPTIMIZATION_LEVEL = 0;
				GCC_PREPROCESSOR_DEFINITIONS = (
					"DEBUG=1",
					"$(inherited)",
				);
				GCC_WARN_64_TO_32_BIT_CONVERSION = YES;
				GCC_WARN_ABOUT_RETURN_TYPE = YES_ERROR;
				GCC_WARN_UNDECLARED_SELECTOR = YES;
				GCC_WARN_UNINITIALIZED_AUTOS = YES_AGGRESSIVE;
				GCC_WARN_UNUSED_FUNCTION = YES;
				GCC_WARN_UNUSED_VARIABLE = YES;
				MACOSX_DEPLOYMENT_TARGET = 10.15;
				MTL_ENABLE_DEBUG_INFO = YES;
				ONLY_ACTIVE_ARCH = YES;
				SDKROOT = macosx;
				SWIFT_ACTIVE_COMPILATION_CONDITIONS = DEBUG;
				SWIFT_OPTIMIZATION_LEVEL = "-Onone";
			};
			name = Debug;
		};
		33CC10FA2044A3C60003C045 /* Release */ = {
			isa = XCBuildConfiguration;
			baseConfigurationReference = 33CEB47722A0578A004F2AC0 /* Flutter-Generated.xcconfig */;
			buildSettings = {
				ALWAYS_SEARCH_USER_PATHS = NO;
				ASSETCATALOG_COMPILER_GENERATE_SWIFT_ASSET_SYMBOL_EXTENSIONS = YES;
				CLANG_ANALYZER_NONNULL = YES;
				CLANG_ANALYZER_NUMBER_OBJECT_CONVERSION = YES_AGGRESSIVE;
				CLANG_CXX_LANGUAGE_STANDARD = "gnu++14";
				CLANG_CXX_LIBRARY = "libc++";
				CLANG_ENABLE_MODULES = YES;
				CLANG_ENABLE_OBJC_ARC = YES;
				CLANG_WARN_BLOCK_CAPTURE_AUTORELEASING = YES;
				CLANG_WARN_BOOL_CONVERSION = YES;
				CLANG_WARN_COMMA = YES;
				CLANG_WARN_CONSTANT_CONVERSION = YES;
				CLANG_WARN_DEPRECATED_OBJC_IMPLEMENTATIONS = YES;
				CLANG_WARN_DIRECT_OBJC_ISA_USAGE = YES_ERROR;
				CLANG_WARN_DOCUMENTATION_COMMENTS = YES;
				CLANG_WARN_EMPTY_BODY = YES;
				CLANG_WARN_ENUM_CONVERSION = YES;
				CLANG_WARN_INFINITE_RECURSION = YES;
				CLANG_WARN_INT_CONVERSION = YES;
				CLANG_WARN_NON_LITERAL_NULL_CONVERSION = YES;
				CLANG_WARN_OBJC_IMPLICIT_RETAIN_SELF = YES;
				CLANG_WARN_OBJC_LITERAL_CONVERSION = YES;
				CLANG_WARN_OBJC_ROOT_CLASS = YES_ERROR;
				CLANG_WARN_QUOTED_INCLUDE_IN_FRAMEWORK_HEADER = YES;
				CLANG_WARN_RANGE_LOOP_ANALYSIS = YES;
				CLANG_WARN_STRICT_PROTOTYPES = YES;
				CLANG_WARN_SUSPICIOUS_MOVE = YES;
				CLANG_WARN_UNREACHABLE_CODE = YES;
				CLANG_WARN__DUPLICATE_METHOD_MATCH = YES;
				CODE_SIGN_IDENTITY = "-";
				COPY_PHASE_STRIP = NO;
				DEAD_CODE_STRIPPING = YES;
				DEBUG_INFORMATION_FORMAT = "dwarf-with-dsym";
				ENABLE_NS_ASSERTIONS = NO;
				ENABLE_STRICT_OBJC_MSGSEND = YES;
				ENABLE_USER_SCRIPT_SANDBOXING = NO;
				GCC_C_LANGUAGE_STANDARD = gnu11;
				GCC_NO_COMMON_BLOCKS = YES;
				GCC_WARN_64_TO_32_BIT_CONVERSION = YES;
				GCC_WARN_ABOUT_RETURN_TYPE = YES_ERROR;
				GCC_WARN_UNDECLARED_SELECTOR = YES;
				GCC_WARN_UNINITIALIZED_AUTOS = YES_AGGRESSIVE;
				GCC_WARN_UNUSED_FUNCTION = YES;
				GCC_WARN_UNUSED_VARIABLE = YES;
				MACOSX_DEPLOYMENT_TARGET = 10.15;
				MTL_ENABLE_DEBUG_INFO = NO;
				SDKROOT = macosx;
				SWIFT_COMPILATION_MODE = wholemodule;
				SWIFT_OPTIMIZATION_LEVEL = "-O";
			};
			name = Release;
		};
		33CC10FC2044A3C60003C045 /* Debug */ = {
			isa = XCBuildConfiguration;
			baseConfigurationReference = 33E5194F232828860026EE4D /* AppInfo.xcconfig */;
			buildSettings = {
				ASSETCATALOG_COMPILER_APPICON_NAME = AppIcon;
				CLANG_ENABLE_MODULES = YES;
				CODE_SIGN_ENTITLEMENTS = Runner/DebugProfile.entitlements;
				CODE_SIGN_STYLE = Automatic;
				COMBINE_HIDPI_IMAGES = YES;
				EXPORTED_SYMBOLS_FILE = "";
				FRAMEWORK_SEARCH_PATHS = (
					"$(PROJECT_DIR)/macos/Frameworks",
					"$(inherited)",
				);
				HEADER_SEARCH_PATHS = (
					"$(inherited)",
					"\"${PODS_CONFIGURATION_BUILD_DIR}/app_links/app_links.framework/Headers\"",
					"\"${PODS_CONFIGURATION_BUILD_DIR}/audio_session/audio_session.framework/Headers\"",
					"\"${PODS_CONFIGURATION_BUILD_DIR}/desktop_drop/desktop_drop.framework/Headers\"",
					"\"${PODS_CONFIGURATION_BUILD_DIR}/file_picker/file_picker.framework/Headers\"",
					"\"${PODS_CONFIGURATION_BUILD_DIR}/just_audio/just_audio.framework/Headers\"",
					"\"${PODS_CONFIGURATION_BUILD_DIR}/just_waveform/just_waveform.framework/Headers\"",
					"\"${PODS_CONFIGURATION_BUILD_DIR}/media_kit_libs_macos_video/media_kit_libs_macos_video.framework/Headers\"",
					"\"${PODS_CONFIGURATION_BUILD_DIR}/media_kit_video/media_kit_video.framework/Headers\"",
					"\"${PODS_CONFIGURATION_BUILD_DIR}/package_info_plus/package_info_plus.framework/Headers\"",
					"\"${PODS_CONFIGURATION_BUILD_DIR}/path_provider_foundation/path_provider_foundation.framework/Headers\"",
					"\"${PODS_CONFIGURATION_BUILD_DIR}/screen_retriever/screen_retriever.framework/Headers\"",
					"\"${PODS_CONFIGURATION_BUILD_DIR}/shared_preferences_foundation/shared_preferences_foundation.framework/Headers\"",
					"\"${PODS_CONFIGURATION_BUILD_DIR}/url_launcher_macos/url_launcher_macos.framework/Headers\"",
					"\"${PODS_CONFIGURATION_BUILD_DIR}/video_player_avfoundation/video_player_avfoundation.framework/Headers\"",
					"\"${PODS_CONFIGURATION_BUILD_DIR}/volume_controller/volume_controller.framework/Headers\"",
					"\"${PODS_CONFIGURATION_BUILD_DIR}/wakelock_plus/wakelock_plus.framework/Headers\"",
					"\"${PODS_CONFIGURATION_BUILD_DIR}/window_manager/window_manager.framework/Headers\"",
				);
				INFOPLIST_FILE = Runner/Info.plist;
				LD_RUNPATH_SEARCH_PATHS = (
					"$(inherited)",
					"@executable_path/../Frameworks",
				);
				LIBRARY_SEARCH_PATHS = (
					"$(inherited)",
					"\"${TOOLCHAIN_DIR}/usr/lib/swift/${PLATFORM_NAME}\"",
					/usr/lib/swift,
					"$(TOOLCHAIN_DIR)/usr/lib/swift/$(PLATFORM_NAME)/",
					"$(SDKROOT)/usr/lib/swift",
					"$(PROJECT_DIR)/macos/Frameworks",
					"$(PROJECT_DIR)/Runner/Frameworks",
					"$(PROJECT_DIR)/Frameworks",
				);
				MACH_O_TYPE = mh_execute;
				MACOSX_DEPLOYMENT_TARGET = 11.5;
				OTHER_CFLAGS = "";
				OTHER_LDFLAGS = (
					"$(inherited)",
					"-framework",
					"\"Ass\"",
					"-framework",
					"\"Avcodec\"",
					"-framework",
					"\"Avfilter\"",
					"-framework",
					"\"Avformat\"",
					"-framework",
					"\"Avutil\"",
					"-framework",
					"\"Dav1d\"",
					"-framework",
					"\"Freetype\"",
					"-framework",
					"\"Fribidi\"",
					"-framework",
					"\"Harfbuzz\"",
					"-framework",
					"\"Mbedcrypto\"",
					"-framework",
					"\"Mbedtls\"",
					"-framework",
					"\"Mbedx509\"",
					"-framework",
					"\"Mpv\"",
					"-framework",
					"\"Png16\"",
					"-framework",
					"\"Swresample\"",
					"-framework",
					"\"Swscale\"",
					"-framework",
					"\"Uchardet\"",
					"-framework",
					"\"Xml2\"",
					"-framework",
					"\"app_links\"",
					"-framework",
					"\"audio_session\"",
					"-framework",
					"\"desktop_drop\"",
					"-framework",
					"\"file_picker\"",
					"-framework",
					"\"just_audio\"",
					"-framework",
					"\"just_waveform\"",
					"-framework",
					"\"media_kit_libs_macos_video\"",
					"-framework",
					"\"media_kit_video\"",
					"-framework",
					"\"package_info_plus\"",
					"-framework",
					"\"path_provider_foundation\"",
					"-framework",
					"\"screen_retriever\"",
					"-framework",
					"\"shared_preferences_foundation\"",
					"-framework",
					"\"url_launcher_macos\"",
					"-framework",
					"\"video_player_avfoundation\"",
					"-framework",
					"\"volume_controller\"",
					"-framework",
					"\"wakelock_plus\"",
					"-framework",
					"\"window_manager\"",
					"-L\"$(PROJECT_DIR)/macos/ThirdParty/soundtouch\"",
					"-lsoundtouch",
				);
				PROVISIONING_PROFILE_SPECIFIER = "";
				SWIFT_OPTIMIZATION_LEVEL = "-Onone";
				SWIFT_VERSION = 5.0;
			};
			name = Debug;
		};
		33CC10FD2044A3C60003C045 /* Release */ = {
			isa = XCBuildConfiguration;
			baseConfigurationReference = 33E5194F232828860026EE4D /* AppInfo.xcconfig */;
			buildSettings = {
				ASSETCATALOG_COMPILER_APPICON_NAME = AppIcon;
				CLANG_ENABLE_MODULES = YES;
				CODE_SIGN_ENTITLEMENTS = Runner/Release.entitlements;
				CODE_SIGN_STYLE = Automatic;
				COMBINE_HIDPI_IMAGES = YES;
				EXPORTED_SYMBOLS_FILE = "";
				FRAMEWORK_SEARCH_PATHS = (
					"$(PROJECT_DIR)/macos/Frameworks",
					"$(inherited)",
				);
				HEADER_SEARCH_PATHS = (
					"$(inherited)",
					"\"${PODS_CONFIGURATION_BUILD_DIR}/app_links/app_links.framework/Headers\"",
					"\"${PODS_CONFIGURATION_BUILD_DIR}/audio_session/audio_session.framework/Headers\"",
					"\"${PODS_CONFIGURATION_BUILD_DIR}/desktop_drop/desktop_drop.framework/Headers\"",
					"\"${PODS_CONFIGURATION_BUILD_DIR}/file_picker/file_picker.framework/Headers\"",
					"\"${PODS_CONFIGURATION_BUILD_DIR}/just_audio/just_audio.framework/Headers\"",
					"\"${PODS_CONFIGURATION_BUILD_DIR}/just_waveform/just_waveform.framework/Headers\"",
					"\"${PODS_CONFIGURATION_BUILD_DIR}/media_kit_libs_macos_video/media_kit_libs_macos_video.framework/Headers\"",
					"\"${PODS_CONFIGURATION_BUILD_DIR}/media_kit_video/media_kit_video.framework/Headers\"",
					"\"${PODS_CONFIGURATION_BUILD_DIR}/package_info_plus/package_info_plus.framework/Headers\"",
					"\"${PODS_CONFIGURATION_BUILD_DIR}/path_provider_foundation/path_provider_foundation.framework/Headers\"",
					"\"${PODS_CONFIGURATION_BUILD_DIR}/screen_retriever/screen_retriever.framework/Headers\"",
					"\"${PODS_CONFIGURATION_BUILD_DIR}/shared_preferences_foundation/shared_preferences_foundation.framework/Headers\"",
					"\"${PODS_CONFIGURATION_BUILD_DIR}/url_launcher_macos/url_launcher_macos.framework/Headers\"",
					"\"${PODS_CONFIGURATION_BUILD_DIR}/video_player_avfoundation/video_player_avfoundation.framework/Headers\"",
					"\"${PODS_CONFIGURATION_BUILD_DIR}/volume_controller/volume_controller.framework/Headers\"",
					"\"${PODS_CONFIGURATION_BUILD_DIR}/wakelock_plus/wakelock_plus.framework/Headers\"",
					"\"${PODS_CONFIGURATION_BUILD_DIR}/window_manager/window_manager.framework/Headers\"",
				);
				INFOPLIST_FILE = Runner/Info.plist;
				LD_RUNPATH_SEARCH_PATHS = (
					"$(inherited)",
					"@executable_path/../Frameworks",
				);
				LIBRARY_SEARCH_PATHS = (
					"$(inherited)",
					"\"${TOOLCHAIN_DIR}/usr/lib/swift/${PLATFORM_NAME}\"",
					/usr/lib/swift,
					"$(TOOLCHAIN_DIR)/usr/lib/swift/$(PLATFORM_NAME)/",
					"$(SDKROOT)/usr/lib/swift",
					"$(PROJECT_DIR)/macos/Frameworks",
					"$(PROJECT_DIR)/Runner/Frameworks",
					"$(PROJECT_DIR)/Frameworks",
				);
				MACH_O_TYPE = mh_execute;
				MACOSX_DEPLOYMENT_TARGET = 11.5;
				OTHER_CFLAGS = "";
				OTHER_LDFLAGS = (
					"$(inherited)",
					"-framework",
					"\"Ass\"",
					"-framework",
					"\"Avcodec\"",
					"-framework",
					"\"Avfilter\"",
					"-framework",
					"\"Avformat\"",
					"-framework",
					"\"Avutil\"",
					"-framework",
					"\"Dav1d\"",
					"-framework",
					"\"Freetype\"",
					"-framework",
					"\"Fribidi\"",
					"-framework",
					"\"Harfbuzz\"",
					"-framework",
					"\"Mbedcrypto\"",
					"-framework",
					"\"Mbedtls\"",
					"-framework",
					"\"Mbedx509\"",
					"-framework",
					"\"Mpv\"",
					"-framework",
					"\"Png16\"",
					"-framework",
					"\"Swresample\"",
					"-framework",
					"\"Swscale\"",
					"-framework",
					"\"Uchardet\"",
					"-framework",
					"\"Xml2\"",
					"-framework",
					"\"app_links\"",
					"-framework",
					"\"audio_session\"",
					"-framework",
					"\"desktop_drop\"",
					"-framework",
					"\"file_picker\"",
					"-framework",
					"\"just_audio\"",
					"-framework",
					"\"just_waveform\"",
					"-framework",
					"\"media_kit_libs_macos_video\"",
					"-framework",
					"\"media_kit_video\"",
					"-framework",
					"\"package_info_plus\"",
					"-framework",
					"\"path_provider_foundation\"",
					"-framework",
					"\"screen_retriever\"",
					"-framework",
					"\"shared_preferences_foundation\"",
					"-framework",
					"\"url_launcher_macos\"",
					"-framework",
					"\"video_player_avfoundation\"",
					"-framework",
					"\"volume_controller\"",
					"-framework",
					"\"wakelock_plus\"",
					"-framework",
					"\"window_manager\"",
					"-L\"$(PROJECT_DIR)/macos/ThirdParty/soundtouch\"",
					"-lsoundtouch",
				);
				PROVISIONING_PROFILE_SPECIFIER = "";
				SWIFT_VERSION = 5.0;
			};
			name = Release;
		};
		33CC111C2044C6BA0003C045 /* Debug */ = {
			isa = XCBuildConfiguration;
			buildSettings = {
				CODE_SIGN_STYLE = Manual;
				MACOSX_DEPLOYMENT_TARGET = 11.0;
				PRODUCT_NAME = "$(TARGET_NAME)";
			};
			name = Debug;
		};
		33CC111D2044C6BA0003C045 /* Release */ = {
			isa = XCBuildConfiguration;
			buildSettings = {
				CODE_SIGN_STYLE = Automatic;
				MACOSX_DEPLOYMENT_TARGET = 11.0;
				PRODUCT_NAME = "$(TARGET_NAME)";
			};
			name = Release;
		};
/* End XCBuildConfiguration section */

/* Begin XCConfigurationList section */
		1FE79CF62EB1A0110091674E /* Build configuration list for PBXNativeTarget "libsoundtouch_ffi" */ = {
			isa = XCConfigurationList;
			buildConfigurations = (
				1FE79CF72EB1A0110091674E /* Debug */,
				1FE79CF82EB1A0110091674E /* Release */,
				1FE79CF92EB1A0110091674E /* Profile */,
			);
			defaultConfigurationIsVisible = 0;
			defaultConfigurationName = Release;
		};
		331C80DE294CF71000263BE5 /* Build configuration list for PBXNativeTarget "RunnerTests" */ = {
			isa = XCConfigurationList;
			buildConfigurations = (
				331C80DB294CF71000263BE5 /* Debug */,
				331C80DC294CF71000263BE5 /* Release */,
				331C80DD294CF71000263BE5 /* Profile */,
			);
			defaultConfigurationIsVisible = 0;
			defaultConfigurationName = Release;
		};
		33CC10E82044A3C60003C045 /* Build configuration list for PBXProject "Runner" */ = {
			isa = XCConfigurationList;
			buildConfigurations = (
				33CC10F92044A3C60003C045 /* Debug */,
				33CC10FA2044A3C60003C045 /* Release */,
				338D0CE9231458BD00FA5F75 /* Profile */,
			);
			defaultConfigurationIsVisible = 0;
			defaultConfigurationName = Release;
		};
		33CC10FB2044A3C60003C045 /* Build configuration list for PBXNativeTarget "Runner" */ = {
			isa = XCConfigurationList;
			buildConfigurations = (
				33CC10FC2044A3C60003C045 /* Debug */,
				33CC10FD2044A3C60003C045 /* Release */,
				338D0CEA231458BD00FA5F75 /* Profile */,
			);
			defaultConfigurationIsVisible = 0;
			defaultConfigurationName = Release;
		};
		33CC111B2044C6BA0003C045 /* Build configuration list for PBXAggregateTarget "Flutter Assemble" */ = {
			isa = XCConfigurationList;
			buildConfigurations = (
				33CC111C2044C6BA0003C045 /* Debug */,
				33CC111D2044C6BA0003C045 /* Release */,
				338D0CEB231458BD00FA5F75 /* Profile */,
			);
			defaultConfigurationIsVisible = 0;
			defaultConfigurationName = Release;
		};
/* End XCConfigurationList section */
	};
	rootObject = 33CC10E52044A3C60003C045 /* Project object */;
}
